
Microsoft Visual Studio Solution File, Format Version 12.00
# Visual Studio Version 16
VisualStudioVersion = 16.0.30711.63
MinimumVisualStudioVersion = 10.0.40219.1
Project("{FAE04EC0-301F-11D3-BF4B-00C04F79EFBC}") = "AzureFace001", "AzureFace001\AzureFace001.csproj", "{B79C1BA7-D10B-43A0-B43B-59EB90FB6B8B}"
EndProject
Global
	GlobalSection(SolutionConfigurationPlatforms) = preSolution
		Debug|Any CPU = Debug|Any CPU
		Release|Any CPU = Release|Any CPU
	EndGlobalSection
	GlobalSection(ProjectConfigurationPlatforms) = postSolution
		{B79C1BA7-D10B-43A0-B43B-59EB90FB6B8B}.Debug|Any CPU.ActiveCfg = Debug|Any CPU
		{B79C1BA7-D10B-43A0-B43B-59EB90FB6B8B}.Debug|Any CPU.Build.0 = Debug|Any CPU
		{B79C1BA7-D10B-43A0-B43B-59EB90FB6B8B}.Release|Any CPU.ActiveCfg = Release|Any CPU
		{B79C1BA7-D10B-43A0-B43B-59EB90FB6B8B}.Release|Any CPU.Build.0 = Release|Any CPU
	EndGlobalSection
	GlobalSection(SolutionProperties) = preSolution
		HideSolutionNode = FALSE
	EndGlobalSection
	GlobalSection(ExtensibilityGlobals) = postSolution
		SolutionGuid = {812688C7-7C68-4426-A4A5-21796D7972C9}
	EndGlobalSection
EndGlobal
